{
  "pins" : [
    {
      "identity" : "sahha-swift",
      "kind" : "remoteSourceControl",
      "location" : "https://github.com/sahha-ai/sahha-swift",
      "state" : {
        "revision" : "ff761b4fbeb4ec8eb4d827999d5d06d3591881d5",
        "version" : "0.2.4"
      }
    }
  ],
  "version" : 2
}
