{
  "pins" : [
    {
      "identity" : "sahha-swift",
      "kind" : "remoteSourceControl",
      "location" : "https://github.com/sahha-ai/sahha-swift",
      "state" : {
        "revision" : "41e884ab4445824a7254593f8f9c30880b909f2e",
        "version" : "0.1.5"
      }
    }
  ],
  "version" : 2
}
