{
  "pins" : [
    {
      "identity" : "sahha-swift",
      "kind" : "remoteSourceControl",
      "location" : "https://github.com/sahha-ai/sahha-swift",
      "state" : {
        "branch" : "master",
        "revision" : "0adc4b3b82cdc4b3c3500c13f7a143f315edcade"
      }
    }
  ],
  "version" : 2
}
